<?xml version="1.0" encoding="utf-8"?>
<Project ToolsVersion="4.0" xmlns="http://schemas.microsoft.com/developer/msbuild/2003">
  <ItemGroup>
    <ClCompile Include="src\core\hooks.cpp" />
    <ClCompile Include="src\shared\minhook\buffer.cpp" />
    <ClCompile Include="src\shared\minhook\hde64.cpp" />
    <ClCompile Include="src\shared\minhook\hook.cpp" />
    <ClCompile Include="src\shared\minhook\trampoline.cpp" />
    <ClCompile Include="src\shared\mem_address\mem_address.cpp" />
    <ClCompile Include="src\shared\mem_utils\mem_utils.cpp" />
    <ClCompile Include="src\main.cpp" />
    <ClCompile Include="src\rdr2\rdr2_include\camManager.cpp" />
    <ClCompile Include="src\rdr2\rdr2_include\gohCamera.cpp" />
    <ClCompile Include="src\rdr2\rdr2_include\gohCameraFactory.cpp" />
    <ClCompile Include="src\rdr2\rdr2_include\sagActor.cpp" />
    <ClCompile Include="src\rdr2\rdr2.cpp" />
    <ClCompile Include="src\rdr2\rdr2_include\weapWeapon.cpp" />
    <ClCompile Include="src\rdr2\rdr2_include\weapProjectileInfo.cpp" />
    <ClCompile Include="src\shared\con_utils\con_utils.cpp" />
    <ClCompile Include="src\rdr2\rdr2_include\hlthHealthComponent.cpp" />
    <ClCompile Include="src\rdr2\rdr2_include\hlthMsgInjure.cpp" />
    <ClCompile Include="src\rdr2\rdr2_include\CameraViewport.cpp" />
    <ClCompile Include="src\rdr2\rdr2_include\camCameraChannel.cpp" />
    <ClCompile Include="src\rdr2\rdr2_include\camCamera.cpp" />
    <ClCompile Include="src\rdr2\rdr2_include\camCameraTransitionBase.cpp" />
    <ClCompile Include="src\rdr2\rdr2_include\grcViewport.cpp" />
    <ClCompile Include="src\rdr2\rdr2_include\TransitionCamera.cpp" />
    <ClCompile Include="src\rdr2\rdr2_include\gohDofSettings.cpp" />
    <ClCompile Include="src\rdr2\rdr2_include\sagPlayer.cpp" />
    <ClCompile Include="src\rdr2\rdr2_include\invInventoryComponent.cpp" />
    <ClCompile Include="src\rdr2\rdr2_include\mvrMoverComponent.cpp" />
    <ClCompile Include="src\rdr2\rdr2_include\animAnimatorComponent.cpp" />
    <ClCompile Include="src\rdr2\rdr2_include\tgtReticleComponent.cpp" />
    <ClCompile Include="src\rdr2\rdr2_include\bhPacketExec.cpp" />
    <ClCompile Include="src\rdr2\rdr2_include\bhWeaponsPacket.cpp" />
    <ClCompile Include="src\rdr2\rdr2_include\invWeaponType.cpp" />
    <ClCompile Include="src\rdr2\rdr2_include\WeaponSpecialRequest.cpp" />
  </ItemGroup>
  <ItemGroup>
    <ClInclude Include="src\rdr2\rdr2_include\rage\rage_include\Color32.hpp" />
    <ClInclude Include="src\rdr2\rdr2_include\rage\rage_include\Math.hpp" />
    <ClInclude Include="src\rdr2\rdr2_include\rage\rage_include\Matrix34.hpp" />
    <ClInclude Include="src\rdr2\rdr2_include\rage\rage_include\Matrix44.hpp" />
    <ClInclude Include="src\rdr2\rdr2_include\rage\rage_include\Quaternion.hpp" />
    <ClInclude Include="src\rdr2\rdr2_include\rage\rage_include\Vector2.hpp" />
    <ClInclude Include="src\rdr2\rdr2_include\rage\rage_include\Vector3.hpp" />
    <ClInclude Include="src\rdr2\rdr2_include\rage\rage_include\Vector4.hpp" />
    <ClInclude Include="src\shared\minhook\buffer.hpp" />
    <ClInclude Include="src\shared\minhook\hde64.hpp" />
    <ClInclude Include="src\shared\minhook\minhook.hpp" />
    <ClInclude Include="src\shared\minhook\table64.hpp" />
    <ClInclude Include="src\shared\minhook\trampoline.hpp" />
    <ClInclude Include="src\shared\mem_address\mem_address.hpp" />
    <ClInclude Include="src\shared\mem_utils\mem_utils.hpp" />
    <ClInclude Include="src\shared\make_hook\make_hook.hpp" />
    <ClInclude Include="src\shared\shared.hpp" />
    <ClInclude Include="src\rdr2\rdr2.hpp" />
    <ClInclude Include="src\rdr2\rdr2_include\camManager.hpp" />
    <ClInclude Include="src\rdr2\rdr2_include\gohCamera.hpp" />
    <ClInclude Include="src\rdr2\rdr2_include\gohCameraFactory.hpp" />
    <ClInclude Include="src\rdr2\rdr2_include\sagActor.hpp" />
    <ClInclude Include="src\rdr2\rdr2_include\weapWeapon.hpp" />
    <ClInclude Include="src\rdr2\rdr2_include\weapProjectileInfo.hpp" />
    <ClInclude Include="src\rdr2\rdr2_include\rage\rage.hpp" />
    <ClInclude Include="src\shared\inst_tracker\inst_tracker.hpp" />
    <ClInclude Include="src\shared\con_utils\con_utils.hpp" />
    <ClInclude Include="src\rdr2\rdr2_include\hlthHealthComponent.hpp" />
    <ClInclude Include="src\rdr2\rdr2_include\hlthMsgInjure.hpp" />
    <ClInclude Include="src\rdr2\rdr2_include\CameraViewport.hpp" />
    <ClInclude Include="src\rdr2\rdr2_include\camCameraChannel.hpp" />
    <ClInclude Include="src\rdr2\rdr2_include\camCamera.hpp" />
    <ClInclude Include="src\rdr2\rdr2_include\camCameraTransitionBase.hpp" />
    <ClInclude Include="src\rdr2\rdr2_include\grcViewport.hpp" />
    <ClInclude Include="src\rdr2\rdr2_include\TransitionCamera.hpp" />
    <ClInclude Include="src\rdr2\rdr2_include\gohDofSettings.hpp" />
    <ClInclude Include="src\rdr2\rdr2_include\sagPlayer.hpp" />
    <ClInclude Include="src\rdr2\rdr2_include\invInventoryComponent.hpp" />
    <ClInclude Include="src\rdr2\rdr2_include\eState.hpp" />
    <ClInclude Include="src\rdr2\rdr2_include\base.hpp" />
    <ClInclude Include="src\shared\make_sig\make_sig.hpp" />
    <ClInclude Include="src\rdr2\rdr2_include\mvrMoverComponent.hpp" />
    <ClInclude Include="src\rdr2\rdr2_include\animAnimatorComponent.hpp" />
    <ClInclude Include="src\rdr2\rdr2_include\tgtReticleComponent.hpp" />
    <ClInclude Include="src\rdr2\rdr2_include\bhPacketExec.hpp" />
    <ClInclude Include="src\rdr2\rdr2_include\bhWeaponsPacket.hpp" />
    <ClInclude Include="src\rdr2\rdr2_include\invWeaponType.hpp" />
    <ClInclude Include="src\rdr2\rdr2_include\WeaponSpecialRequest.hpp" />
    <ClInclude Include="src\rdr2\rdr2_include\eCodeSideStatistics.hpp" />
  </ItemGroup>
</Project>