<?xml version="1.0" encoding="utf-8"?>
<Project ToolsVersion="4.0" xmlns="http://schemas.microsoft.com/developer/msbuild/2003">
  <ItemGroup>
    <ClCompile Include="src\core\hooks.cpp" />
    <ClCompile Include="src\shared\minhook\buffer.cpp" />
    <ClCompile Include="src\shared\minhook\hde64.cpp" />
    <ClCompile Include="src\shared\minhook\hook.cpp" />
    <ClCompile Include="src\shared\minhook\trampoline.cpp" />
    <ClCompile Include="src\shared\mem_address\mem_address.cpp" />
    <ClCompile Include="src\shared\mem_utils\mem_utils.cpp" />
    <ClCompile Include="src\main.cpp" />
    <ClCompile Include="src\shared\con_utils\con_utils.cpp" />
  </ItemGroup>
  <ItemGroup>
    <ClInclude Include="src\rdr2\rdr2_include\Color32.hpp" />
    <ClInclude Include="src\rdr2\rdr2_include\Math.hpp" />
    <ClInclude Include="src\rdr2\rdr2_include\Matrix34.hpp" />
    <ClInclude Include="src\rdr2\rdr2_include\Matrix44.hpp" />
    <ClInclude Include="src\rdr2\rdr2_include\Quaternion.hpp" />
    <ClInclude Include="src\rdr2\rdr2_include\Vector2.hpp" />
    <ClInclude Include="src\rdr2\rdr2_include\Vector3.hpp" />
    <ClInclude Include="src\rdr2\rdr2_include\Vector4.hpp" />
    <ClInclude Include="src\shared\minhook\buffer.hpp" />
    <ClInclude Include="src\shared\minhook\hde64.hpp" />
    <ClInclude Include="src\shared\minhook\minhook.hpp" />
    <ClInclude Include="src\shared\minhook\table64.hpp" />
    <ClInclude Include="src\shared\minhook\trampoline.hpp" />
    <ClInclude Include="src\shared\mem_address\mem_address.hpp" />
    <ClInclude Include="src\shared\mem_utils\mem_utils.hpp" />
    <ClInclude Include="src\shared\make_hook\make_hook.hpp" />
    <ClInclude Include="src\shared\shared.hpp" />
    <ClInclude Include="src\rdr2\rdr2.hpp" />
    <ClInclude Include="src\rdr2\rdr2_include\camManager.hpp" />
    <ClInclude Include="src\rdr2\rdr2_include\gohCamera.hpp" />
    <ClInclude Include="src\rdr2\rdr2_include\gohCameraFactory.hpp" />
    <ClInclude Include="src\rdr2\rdr2_include\sagActor.hpp" />
    <ClInclude Include="src\rdr2\rdr2_include\weapWeapon.hpp" />
    <ClInclude Include="src\rdr2\rdr2_include\weapProjectileInfo.hpp" />
    <ClInclude Include="src\shared\inst_tracker\inst_tracker.hpp" />
    <ClInclude Include="src\shared\con_utils\con_utils.hpp" />
    <ClInclude Include="src\rdr2\rdr2_include\hlthHealthComponent.hpp" />
    <ClInclude Include="src\rdr2\rdr2_include\hlthMsgInjure.hpp" />
    <ClInclude Include="src\rdr2\rdr2_include\CameraViewport.hpp" />
    <ClInclude Include="src\rdr2\rdr2_include\camCameraChannel.hpp" />
    <ClInclude Include="src\rdr2\rdr2_include\camCamera.hpp" />
    <ClInclude Include="src\rdr2\rdr2_include\camCameraTransitionBase.hpp" />
    <ClInclude Include="src\rdr2\rdr2_include\grcViewport.hpp" />
    <ClInclude Include="src\rdr2\rdr2_include\TransitionCamera.hpp" />
    <ClInclude Include="src\rdr2\rdr2_include\gohDofSettings.hpp" />
    <ClInclude Include="src\rdr2\rdr2_include\sagPlayer.hpp" />
    <ClInclude Include="src\rdr2\rdr2_include\invInventoryComponent.hpp" />
    <ClInclude Include="src\rdr2\rdr2_include\eState.hpp" />
    <ClInclude Include="src\rdr2\rdr2_include\base.hpp" />
    <ClInclude Include="src\shared\make_sig\make_sig.hpp" />
    <ClInclude Include="src\rdr2\rdr2_include\mvrMoverComponent.hpp" />
    <ClInclude Include="src\rdr2\rdr2_include\animAnimatorComponent.hpp" />
    <ClInclude Include="src\rdr2\rdr2_include\tgtReticleComponent.hpp" />
    <ClInclude Include="src\rdr2\rdr2_include\bhPacketExec.hpp" />
    <ClInclude Include="src\rdr2\rdr2_include\bhWeaponsPacket.hpp" />
    <ClInclude Include="src\rdr2\rdr2_include\invWeaponType.hpp" />
    <ClInclude Include="src\rdr2\rdr2_include\WeaponSpecialRequest.hpp" />
    <ClInclude Include="src\rdr2\rdr2_include\eCodeSideStatistics.hpp" />
    <ClInclude Include="src\rdr2\rdr2_include\sagLayout.hpp" />
    <ClInclude Include="src\rdr2\rdr2_include\aniRide.hpp" />
    <ClInclude Include="src\rdr2\rdr2_include\rdrActorTracker.hpp" />
    <ClInclude Include="src\rdr2\rdr2_include\AmmoComponent.hpp" />
    <ClInclude Include="src\rdr2\rdr2_include\rdrMatrixAudioEntity.hpp" />
    <ClInclude Include="src\rdr2\rdr2_include\eWeaponAction.hpp" />
    <ClInclude Include="src\rdr2\rdr2_include\WeaponParams.hpp" />
    <ClInclude Include="src\rdr2\rdr2_include\projProjectile.hpp" />
    <ClInclude Include="src\rdr2\rdr2_include\ProjectileLaunchData.hpp" />
    <ClInclude Include="src\rdr2\rdr2_include\weapBaseWeaponType.hpp" />
    <ClInclude Include="src\rdr2\rdr2_include\sagGuid.hpp" />
    <ClInclude Include="src\rdr2\rdr2_include\ConditionMoverNotOnGround.hpp" />
    <ClInclude Include="src\rdr2\rdr2_include\ActionContext.hpp" />
    <ClInclude Include="src\rdr2\rdr2_include\aniActionSet.hpp" />
    <ClInclude Include="src\rdr2\rdr2_include\crFrame.hpp" />
    <ClInclude Include="src\rdr2\rdr2_include\crFrameFilter.hpp" />
    <ClInclude Include="src\rdr2\rdr2_include\rdrAnimation.hpp" />
    <ClInclude Include="src\rdr2\rdr2_include\animMotionTreeManager.hpp" />
    <ClInclude Include="src\rdr2\rdr2_include\crClip.hpp" />
    <ClInclude Include="src\rdr2\rdr2_include\aniAim.hpp" />
    <ClInclude Include="src\rdr2\rdr2_include\aniAnimProp.hpp" />
    <ClInclude Include="src\rdr2\rdr2_include\aniGatling.hpp" />
    <ClInclude Include="src\rdr2\rdr2_include\AnimIdleBodyTypes.hpp" />
    <ClInclude Include="src\rdr2\rdr2_include\animAnimSetHandle.hpp" />
    <ClInclude Include="src\rdr2\rdr2_include\crExpressions.hpp" />
    <ClInclude Include="src\rdr2\rdr2_include\phSimulator.hpp" />
    <ClInclude Include="src\rdr2\rdr2_include\phInst.hpp" />
    <ClInclude Include="src\rdr2\rdr2_include\phLevelNew.hpp" />
    <ClInclude Include="src\rdr2\rdr2_include\eObjectState.hpp" />
    <ClInclude Include="src\rdr2\rdr2_include\aniLedge.h" />
    <ClInclude Include="src\rdr2\rdr2_include\sagMsgAttachmentImpact.hpp" />
    <ClInclude Include="src\rdr2\rdr2_include\entEntityComponent.hpp" />
    <ClInclude Include="src\rdr2\rdr2_include\sagMsgDestroyOnDeathNotify.hpp" />
    <ClInclude Include="src\rdr2\rdr2_include\mvrMsgLanded.hpp" />
    <ClInclude Include="src\rdr2\rdr2_include\sagPlayerMgr.hpp" />
    <ClInclude Include="src\rdr2\rdr2_include\sagPlayerStates.hpp" />
    <ClInclude Include="src\rdr2\rdr2_include\aniActionSetData.hpp" />
    <ClInclude Include="src\rdr2\rdr2_include\gohGUID.hpp" />
    <ClInclude Include="src\rdr2\rdr2_include\invBaseItem.hpp" />
    <ClInclude Include="src\rdr2\rdr2_include\aniNavigationGait.hpp" />
    <ClInclude Include="src\rdr2\rdr2_include\CollisionHelper.hpp" />
    <ClInclude Include="src\rdr2\rdr2_include\gohCameraTarget.hpp" />
    <ClInclude Include="src\rdr2\rdr2_include\CameraShakeFactory.hpp" />
    <ClInclude Include="src\rdr2\rdr2_include\camCameraShakeBase.hpp" />
    <ClInclude Include="src\rdr2\rdr2_include\camCameraTransitionFactory.hpp" />
    <ClInclude Include="src\rdr2\rdr2_include\eTransitionType.hpp" />
    <ClInclude Include="src\rdr2\rdr2_include\CutsceneCameraShotTuningManager.hpp" />
    <ClInclude Include="src\rdr2\rdr2_include\eCameraChannelEnum.hpp" />
  </ItemGroup>
</Project>